// !$*UTF8*$!
{
	archiveVersion = 1;
	classes = {
	};
	objectVersion = 50;
	objects = {

/* Begin PBXBuildFile section */
		4415B70D248A153600CD1C09 /* AppDelegate.swift in Sources */ = {isa = PBXBuildFile; fileRef = 4415B70C248A153600CD1C09 /* AppDelegate.swift */; };
		4415B70F248A153600CD1C09 /* SceneDelegate.swift in Sources */ = {isa = PBXBuildFile; fileRef = 4415B70E248A153600CD1C09 /* SceneDelegate.swift */; };
		4415B711248A153600CD1C09 /* HomeViewController.swift in Sources */ = {isa = PBXBuildFile; fileRef = 4415B710248A153600CD1C09 /* HomeViewController.swift */; };
		4415B714248A153600CD1C09 /* Main.storyboard in Resources */ = {isa = PBXBuildFile; fileRef = 4415B712248A153600CD1C09 /* Main.storyboard */; };
		4415B717248A153600CD1C09 /* Tracker.xcdatamodeld in Sources */ = {isa = PBXBuildFile; fileRef = 4415B715248A153600CD1C09 /* Tracker.xcdatamodeld */; };
		4415B719248A153700CD1C09 /* Assets.xcassets in Resources */ = {isa = PBXBuildFile; fileRef = 4415B718248A153700CD1C09 /* Assets.xcassets */; };
		4415B71C248A153700CD1C09 /* LaunchScreen.storyboard in Resources */ = {isa = PBXBuildFile; fileRef = 4415B71A248A153700CD1C09 /* LaunchScreen.storyboard */; };
		4415B725248A15E500CD1C09 /* PersistenceManager.swift in Sources */ = {isa = PBXBuildFile; fileRef = 4415B724248A15E500CD1C09 /* PersistenceManager.swift */; };
		4415B727248A1A1A00CD1C09 /* Thought.swift in Sources */ = {isa = PBXBuildFile; fileRef = 4415B726248A1A1A00CD1C09 /* Thought.swift */; };
		44CAB0F0249EDDE40070BB4D /* SegueManager.swift in Sources */ = {isa = PBXBuildFile; fileRef = 44CAB0EF249EDDE40070BB4D /* SegueManager.swift */; };
		44DD2F47248A20C700B514F9 /* AddThoughtViewController.swift in Sources */ = {isa = PBXBuildFile; fileRef = 44DD2F46248A20C700B514F9 /* AddThoughtViewController.swift */; };
/* End PBXBuildFile section */

/* Begin PBXFileReference section */
		4415B709248A153600CD1C09 /* Tracker.app */ = {isa = PBXFileReference; explicitFileType = wrapper.application; includeInIndex = 0; path = Tracker.app; sourceTree = BUILT_PRODUCTS_DIR; };
		4415B70C248A153600CD1C09 /* AppDelegate.swift */ = {isa = PBXFileReference; lastKnownFileType = sourcecode.swift; path = AppDelegate.swift; sourceTree = "<group>"; };
		4415B70E248A153600CD1C09 /* SceneDelegate.swift */ = {isa = PBXFileReference; lastKnownFileType = sourcecode.swift; path = SceneDelegate.swift; sourceTree = "<group>"; };
		4415B710248A153600CD1C09 /* HomeViewController.swift */ = {isa = PBXFileReference; lastKnownFileType = sourcecode.swift; path = HomeViewController.swift; sourceTree = "<group>"; };
		4415B713248A153600CD1C09 /* Base */ = {isa = PBXFileReference; lastKnownFileType = file.storyboard; name = Base; path = Base.lproj/Main.storyboard; sourceTree = "<group>"; };
		4415B716248A153600CD1C09 /* Tracker.xcdatamodel */ = {isa = PBXFileReference; lastKnownFileType = wrapper.xcdatamodel; path = Tracker.xcdatamodel; sourceTree = "<group>"; };
		4415B718248A153700CD1C09 /* Assets.xcassets */ = {isa = PBXFileReference; lastKnownFileType = folder.assetcatalog; path = Assets.xcassets; sourceTree = "<group>"; };
		4415B71B248A153700CD1C09 /* Base */ = {isa = PBXFileReference; lastKnownFileType = file.storyboard; name = Base; path = Base.lproj/LaunchScreen.storyboard; sourceTree = "<group>"; };
		4415B71D248A153700CD1C09 /* Info.plist */ = {isa = PBXFileReference; lastKnownFileType = text.plist.xml; path = Info.plist; sourceTree = "<group>"; };
		4415B723248A154C00CD1C09 /* Tracker.entitlements */ = {isa = PBXFileReference; lastKnownFileType = text.plist.entitlements; path = Tracker.entitlements; sourceTree = "<group>"; };
		4415B724248A15E500CD1C09 /* PersistenceManager.swift */ = {isa = PBXFileReference; lastKnownFileType = sourcecode.swift; path = PersistenceManager.swift; sourceTree = "<group>"; };
		4415B726248A1A1A00CD1C09 /* Thought.swift */ = {isa = PBXFileReference; lastKnownFileType = sourcecode.swift; path = Thought.swift; sourceTree = "<group>"; };
		44CAB0EF249EDDE40070BB4D /* SegueManager.swift */ = {isa = PBXFileReference; lastKnownFileType = sourcecode.swift; path = SegueManager.swift; sourceTree = "<group>"; };
		44DD2F46248A20C700B514F9 /* AddThoughtViewController.swift */ = {isa = PBXFileReference; lastKnownFileType = sourcecode.swift; path = AddThoughtViewController.swift; sourceTree = "<group>"; };
/* End PBXFileReference section */

/* Begin PBXFrameworksBuildPhase section */
		4415B706248A153600CD1C09 /* Frameworks */ = {
			isa = PBXFrameworksBuildPhase;
			buildActionMask = 2147483647;
			files = (
			);
			runOnlyForDeploymentPostprocessing = 0;
		};
/* End PBXFrameworksBuildPhase section */

/* Begin PBXGroup section */
		4415B700248A153600CD1C09 = {
			isa = PBXGroup;
			children = (
				4415B70B248A153600CD1C09 /* Tracker */,
				4415B70A248A153600CD1C09 /* Products */,
			);
			sourceTree = "<group>";
		};
		4415B70A248A153600CD1C09 /* Products */ = {
			isa = PBXGroup;
			children = (
				4415B709248A153600CD1C09 /* Tracker.app */,
			);
			name = Products;
			sourceTree = "<group>";
		};
		4415B70B248A153600CD1C09 /* Tracker */ = {
			isa = PBXGroup;
			children = (
				44DD2F44248A1EC500B514F9 /* Controllers */,
				44DD2F43248A1EB000B514F9 /* Models */,
				44DD2F45248A1FDD00B514F9 /* Managers & Delegates */,
				4415B723248A154C00CD1C09 /* Tracker.entitlements */,
				4415B715248A153600CD1C09 /* Tracker.xcdatamodeld */,
				4415B712248A153600CD1C09 /* Main.storyboard */,
				4415B71A248A153700CD1C09 /* LaunchScreen.storyboard */,
				4415B71D248A153700CD1C09 /* Info.plist */,
				4415B718248A153700CD1C09 /* Assets.xcassets */,
			);
			path = Tracker;
			sourceTree = "<group>";
		};
		44DD2F43248A1EB000B514F9 /* Models */ = {
			isa = PBXGroup;
			children = (
				4415B726248A1A1A00CD1C09 /* Thought.swift */,
				44CAB0EF249EDDE40070BB4D /* SegueManager.swift */,
			);
			path = Models;
			sourceTree = "<group>";
		};
		44DD2F44248A1EC500B514F9 /* Controllers */ = {
			isa = PBXGroup;
			children = (
				4415B710248A153600CD1C09 /* HomeViewController.swift */,
				44DD2F46248A20C700B514F9 /* AddThoughtViewController.swift */,
			);
			path = Controllers;
			sourceTree = "<group>";
		};
		44DD2F45248A1FDD00B514F9 /* Managers & Delegates */ = {
			isa = PBXGroup;
			children = (
				4415B70C248A153600CD1C09 /* AppDelegate.swift */,
				4415B70E248A153600CD1C09 /* SceneDelegate.swift */,
				4415B724248A15E500CD1C09 /* PersistenceManager.swift */,
			);
			path = "Managers & Delegates";
			sourceTree = "<group>";
		};
/* End PBXGroup section */

/* Begin PBXNativeTarget section */
		4415B708248A153600CD1C09 /* Tracker */ = {
			isa = PBXNativeTarget;
			buildConfigurationList = 4415B720248A153700CD1C09 /* Build configuration list for PBXNativeTarget "Tracker" */;
			buildPhases = (
				4415B705248A153600CD1C09 /* Sources */,
				4415B706248A153600CD1C09 /* Frameworks */,
				4415B707248A153600CD1C09 /* Resources */,
			);
			buildRules = (
			);
			dependencies = (
			);
			name = Tracker;
			productName = Tracker;
			productReference = 4415B709248A153600CD1C09 /* Tracker.app */;
			productType = "com.apple.product-type.application";
		};
/* End PBXNativeTarget section */

/* Begin PBXProject section */
		4415B701248A153600CD1C09 /* Project object */ = {
			isa = PBXProject;
			attributes = {
				LastSwiftUpdateCheck = 1150;
				LastUpgradeCheck = 1150;
				ORGANIZATIONNAME = "Giorgio Doueihi";
				TargetAttributes = {
					4415B708248A153600CD1C09 = {
						CreatedOnToolsVersion = 11.5;
					};
				};
			};
			buildConfigurationList = 4415B704248A153600CD1C09 /* Build configuration list for PBXProject "Tracker" */;
			compatibilityVersion = "Xcode 9.3";
			developmentRegion = en;
			hasScannedForEncodings = 0;
			knownRegions = (
				en,
				Base,
			);
			mainGroup = 4415B700248A153600CD1C09;
			productRefGroup = 4415B70A248A153600CD1C09 /* Products */;
			projectDirPath = "";
			projectRoot = "";
			targets = (
				4415B708248A153600CD1C09 /* Tracker */,
			);
		};
/* End PBXProject section */

/* Begin PBXResourcesBuildPhase section */
		4415B707248A153600CD1C09 /* Resources */ = {
			isa = PBXResourcesBuildPhase;
			buildActionMask = 2147483647;
			files = (
				4415B71C248A153700CD1C09 /* LaunchScreen.storyboard in Resources */,
				4415B719248A153700CD1C09 /* Assets.xcassets in Resources */,
				4415B714248A153600CD1C09 /* Main.storyboard in Resources */,
			);
			runOnlyForDeploymentPostprocessing = 0;
		};
/* End PBXResourcesBuildPhase section */

/* Begin PBXSourcesBuildPhase section */
		4415B705248A153600CD1C09 /* Sources */ = {
			isa = PBXSourcesBuildPhase;
			buildActionMask = 2147483647;
			files = (
				4415B717248A153600CD1C09 /* Tracker.xcdatamodeld in Sources */,
				4415B725248A15E500CD1C09 /* PersistenceManager.swift in Sources */,
				4415B711248A153600CD1C09 /* HomeViewController.swift in Sources */,
				4415B727248A1A1A00CD1C09 /* Thought.swift in Sources */,
				4415B70D248A153600CD1C09 /* AppDelegate.swift in Sources */,
				4415B70F248A153600CD1C09 /* SceneDelegate.swift in Sources */,
				44CAB0F0249EDDE40070BB4D /* SegueManager.swift in Sources */,
				44DD2F47248A20C700B514F9 /* AddThoughtViewController.swift in Sources */,
			);
			runOnlyForDeploymentPostprocessing = 0;
		};
/* End PBXSourcesBuildPhase section */

/* Begin PBXVariantGroup section */
		4415B712248A153600CD1C09 /* Main.storyboard */ = {
			isa = PBXVariantGroup;
			children = (
				4415B713248A153600CD1C09 /* Base */,
			);
			name = Main.storyboard;
			sourceTree = "<group>";
		};
		4415B71A248A153700CD1C09 /* LaunchScreen.storyboard */ = {
			isa = PBXVariantGroup;
			children = (
				4415B71B248A153700CD1C09 /* Base */,
			);
			name = LaunchScreen.storyboard;
			sourceTree = "<group>";
		};
/* End PBXVariantGroup section */

/* Begin XCBuildConfiguration section */
		4415B71E248A153700CD1C09 /* Debug */ = {
			isa = XCBuildConfiguration;
			buildSettings = {
				ALWAYS_SEARCH_USER_PATHS = NO;
				CLANG_ANALYZER_NONNULL = YES;
				CLANG_ANALYZER_NUMBER_OBJECT_CONVERSION = YES_AGGRESSIVE;
				CLANG_CXX_LANGUAGE_STANDARD = "gnu++14";
				CLANG_CXX_LIBRARY = "libc++";
				CLANG_ENABLE_MODULES = YES;
				CLANG_ENABLE_OBJC_ARC = YES;
				CLANG_ENABLE_OBJC_WEAK = YES;
				CLANG_WARN_BLOCK_CAPTURE_AUTORELEASING = YES;
				CLANG_WARN_BOOL_CONVERSION = YES;
				CLANG_WARN_COMMA = YES;
				CLANG_WARN_CONSTANT_CONVERSION = YES;
				CLANG_WARN_DEPRECATED_OBJC_IMPLEMENTATIONS = YES;
				CLANG_WARN_DIRECT_OBJC_ISA_USAGE = YES_ERROR;
				CLANG_WARN_DOCUMENTATION_COMMENTS = YES;
				CLANG_WARN_EMPTY_BODY = YES;
				CLANG_WARN_ENUM_CONVERSION = YES;
				CLANG_WARN_INFINITE_RECURSION = YES;
				CLANG_WARN_INT_CONVERSION = YES;
				CLANG_WARN_NON_LITERAL_NULL_CONVERSION = YES;
				CLANG_WARN_OBJC_IMPLICIT_RETAIN_SELF = YES;
				CLANG_WARN_OBJC_LITERAL_CONVERSION = YES;
				CLANG_WARN_OBJC_ROOT_CLASS = YES_ERROR;
				CLANG_WARN_RANGE_LOOP_ANALYSIS = YES;
				CLANG_WARN_STRICT_PROTOTYPES = YES;
				CLANG_WARN_SUSPICIOUS_MOVE = YES;
				CLANG_WARN_UNGUARDED_AVAILABILITY = YES_AGGRESSIVE;
				CLANG_WARN_UNREACHABLE_CODE = YES;
				CLANG_WARN__DUPLICATE_METHOD_MATCH = YES;
				COPY_PHASE_STRIP = NO;
				DEBUG_INFORMATION_FORMAT = dwarf;
				ENABLE_STRICT_OBJC_MSGSEND = YES;
				ENABLE_TESTABILITY = YES;
				GCC_C_LANGUAGE_STANDARD = gnu11;
				GCC_DYNAMIC_NO_PIC = NO;
				GCC_NO_COMMON_BLOCKS = YES;
				GCC_OPTIMIZATION_LEVEL = 0;
				GCC_PREPROCESSOR_DEFINITIONS = (
					"DEBUG=1",
					"$(inherited)",
				);
				GCC_WARN_64_TO_32_BIT_CONVERSION = YES;
				GCC_WARN_ABOUT_RETURN_TYPE = YES_ERROR;
				GCC_WARN_UNDECLARED_SELECTOR = YES;
				GCC_WARN_UNINITIALIZED_AUTOS = YES_AGGRESSIVE;
				GCC_WARN_UNUSED_FUNCTION = YES;
				GCC_WARN_UNUSED_VARIABLE = YES;
				IPHONEOS_DEPLOYMENT_TARGET = 13.5;
				MTL_ENABLE_DEBUG_INFO = INCLUDE_SOURCE;
				MTL_FAST_MATH = YES;
				ONLY_ACTIVE_ARCH = YES;
				SDKROOT = iphoneos;
				SWIFT_ACTIVE_COMPILATION_CONDITIONS = DEBUG;
				SWIFT_OPTIMIZATION_LEVEL = "-Onone";
			};
			name = Debug;
		};
		4415B71F248A153700CD1C09 /* Release */ = {
			isa = XCBuildConfiguration;
			buildSettings = {
				ALWAYS_SEARCH_USER_PATHS = NO;
				CLANG_ANALYZER_NONNULL = YES;
				CLANG_ANALYZER_NUMBER_OBJECT_CONVERSION = YES_AGGRESSIVE;
				CLANG_CXX_LANGUAGE_STANDARD = "gnu++14";
				CLANG_CXX_LIBRARY = "libc++";
				CLANG_ENABLE_MODULES = YES;
				CLANG_ENABLE_OBJC_ARC = YES;
				CLANG_ENABLE_OBJC_WEAK = YES;
				CLANG_WARN_BLOCK_CAPTURE_AUTORELEASING = YES;
				CLANG_WARN_BOOL_CONVERSION = YES;
				CLANG_WARN_COMMA = YES;
				CLANG_WARN_CONSTANT_CONVERSION = YES;
				CLANG_WARN_DEPRECATED_OBJC_IMPLEMENTATIONS = YES;
				CLANG_WARN_DIRECT_OBJC_ISA_USAGE = YES_ERROR;
				CLANG_WARN_DOCUMENTATION_COMMENTS = YES;
				CLANG_WARN_EMPTY_BODY = YES;
				CLANG_WARN_ENUM_CONVERSION = YES;
				CLANG_WARN_INFINITE_RECURSION = YES;
				CLANG_WARN_INT_CONVERSION = YES;
				CLANG_WARN_NON_LITERAL_NULL_CONVERSION = YES;
				CLANG_WARN_OBJC_IMPLICIT_RETAIN_SELF = YES;
				CLANG_WARN_OBJC_LITERAL_CONVERSION = YES;
				CLANG_WARN_OBJC_ROOT_CLASS = YES_ERROR;
				CLANG_WARN_RANGE_LOOP_ANALYSIS = YES;
				CLANG_WARN_STRICT_PROTOTYPES = YES;
				CLANG_WARN_SUSPICIOUS_MOVE = YES;
				CLANG_WARN_UNGUARDED_AVAILABILITY = YES_AGGRESSIVE;
				CLANG_WARN_UNREACHABLE_CODE = YES;
				CLANG_WARN__DUPLICATE_METHOD_MATCH = YES;
				COPY_PHASE_STRIP = NO;
				DEBUG_INFORMATION_FORMAT = "dwarf-with-dsym";
				ENABLE_NS_ASSERTIONS = NO;
				ENABLE_STRICT_OBJC_MSGSEND = YES;
				GCC_C_LANGUAGE_STANDARD = gnu11;
				GCC_NO_COMMON_BLOCKS = YES;
				GCC_WARN_64_TO_32_BIT_CONVERSION = YES;
				GCC_WARN_ABOUT_RETURN_TYPE = YES_ERROR;
				GCC_WARN_UNDECLARED_SELECTOR = YES;
				GCC_WARN_UNINITIALIZED_AUTOS = YES_AGGRESSIVE;
				GCC_WARN_UNUSED_FUNCTION = YES;
				GCC_WARN_UNUSED_VARIABLE = YES;
				IPHONEOS_DEPLOYMENT_TARGET = 13.5;
				MTL_ENABLE_DEBUG_INFO = NO;
				MTL_FAST_MATH = YES;
				SDKROOT = iphoneos;
				SWIFT_COMPILATION_MODE = wholemodule;
				SWIFT_OPTIMIZATION_LEVEL = "-O";
				VALIDATE_PRODUCT = YES;
			};
			name = Release;
		};
		4415B721248A153700CD1C09 /* Debug */ = {
			isa = XCBuildConfiguration;
			buildSettings = {
				ASSETCATALOG_COMPILER_APPICON_NAME = AppIcon;
				CODE_SIGN_ENTITLEMENTS = Tracker/Tracker.entitlements;
				"CODE_SIGN_IDENTITY[sdk=macosx*]" = "Apple Development";
				CODE_SIGN_STYLE = Automatic;
				DEVELOPMENT_TEAM = 8BHUM5ZRY2;
				INFOPLIST_FILE = Tracker/Info.plist;
				LD_RUNPATH_SEARCH_PATHS = (
					"$(inherited)",
					"@executable_path/Frameworks",
				);
				PRODUCT_BUNDLE_IDENTIFIER = "pizza.giorgio.ocd-tracker";
				PRODUCT_NAME = "$(TARGET_NAME)";
				SUPPORTS_MACCATALYST = YES;
				SWIFT_VERSION = 5.0;
				TARGETED_DEVICE_FAMILY = "1,2";
			};
			name = Debug;
		};
		4415B722248A153700CD1C09 /* Release */ = {
			isa = XCBuildConfiguration;
			buildSettings = {
				ASSETCATALOG_COMPILER_APPICON_NAME = AppIcon;
				CODE_SIGN_ENTITLEMENTS = Tracker/Tracker.entitlements;
				"CODE_SIGN_IDENTITY[sdk=macosx*]" = "Apple Development";
				CODE_SIGN_STYLE = Automatic;
				DEVELOPMENT_TEAM = 8BHUM5ZRY2;
				INFOPLIST_FILE = Tracker/Info.plist;
				LD_RUNPATH_SEARCH_PATHS = (
					"$(inherited)",
					"@executable_path/Frameworks",
				);
				PRODUCT_BUNDLE_IDENTIFIER = "pizza.giorgio.ocd-tracker";
				PRODUCT_NAME = "$(TARGET_NAME)";
				SUPPORTS_MACCATALYST = YES;
				SWIFT_VERSION = 5.0;
				TARGETED_DEVICE_FAMILY = "1,2";
			};
			name = Release;
		};
/* End XCBuildConfiguration section */

/* Begin XCConfigurationList section */
		4415B704248A153600CD1C09 /* Build configuration list for PBXProject "Tracker" */ = {
			isa = XCConfigurationList;
			buildConfigurations = (
				4415B71E248A153700CD1C09 /* Debug */,
				4415B71F248A153700CD1C09 /* Release */,
			);
			defaultConfigurationIsVisible = 0;
			defaultConfigurationName = Release;
		};
		4415B720248A153700CD1C09 /* Build configuration list for PBXNativeTarget "Tracker" */ = {
			isa = XCConfigurationList;
			buildConfigurations = (
				4415B721248A153700CD1C09 /* Debug */,
				4415B722248A153700CD1C09 /* Release */,
			);
			defaultConfigurationIsVisible = 0;
			defaultConfigurationName = Release;
		};
/* End XCConfigurationList section */

/* Begin XCVersionGroup section */
		4415B715248A153600CD1C09 /* Tracker.xcdatamodeld */ = {
			isa = XCVersionGroup;
			children = (
				4415B716248A153600CD1C09 /* Tracker.xcdatamodel */,
			);
			currentVersion = 4415B716248A153600CD1C09 /* Tracker.xcdatamodel */;
			path = Tracker.xcdatamodeld;
			sourceTree = "<group>";
			versionGroupType = wrapper.xcdatamodel;
		};
/* End XCVersionGroup section */
	};
	rootObject = 4415B701248A153600CD1C09 /* Project object */;
}
